
Microsoft Visual Studio Solution File, Format Version 12.00
# Visual Studio Version 16
VisualStudioVersion = 16.0.30204.135
MinimumVisualStudioVersion = 10.0.40219.1
Project("{9A19103F-16F7-4668-BE54-9A1E7A4F7556}") = "WebApi_Side", "WebApi_Side\WebApi_Side.csproj", "{CAC97F85-35F1-4209-8976-B0C797983A04}"
EndProject
Project("{FAE04EC0-301F-11D3-BF4B-00C04F79EFBC}") = "Client_Side", "Client_Side\Client_Side.csproj", "{67F28F4A-F47C-4EDC-8F02-35E04A1FF314}"
EndProject
Global
	GlobalSection(SolutionConfigurationPlatforms) = preSolution
		Debug|Any CPU = Debug|Any CPU
		Release|Any CPU = Release|Any CPU
	EndGlobalSection
	GlobalSection(ProjectConfigurationPlatforms) = postSolution
		{CAC97F85-35F1-4209-8976-B0C797983A04}.Debug|Any CPU.ActiveCfg = Debug|Any CPU
		{CAC97F85-35F1-4209-8976-B0C797983A04}.Debug|Any CPU.Build.0 = Debug|Any CPU
		{CAC97F85-35F1-4209-8976-B0C797983A04}.Release|Any CPU.ActiveCfg = Release|Any CPU
		{CAC97F85-35F1-4209-8976-B0C797983A04}.Release|Any CPU.Build.0 = Release|Any CPU
		{67F28F4A-F47C-4EDC-8F02-35E04A1FF314}.Debug|Any CPU.ActiveCfg = Debug|Any CPU
		{67F28F4A-F47C-4EDC-8F02-35E04A1FF314}.Debug|Any CPU.Build.0 = Debug|Any CPU
		{67F28F4A-F47C-4EDC-8F02-35E04A1FF314}.Release|Any CPU.ActiveCfg = Release|Any CPU
		{67F28F4A-F47C-4EDC-8F02-35E04A1FF314}.Release|Any CPU.Build.0 = Release|Any CPU
	EndGlobalSection
	GlobalSection(SolutionProperties) = preSolution
		HideSolutionNode = FALSE
	EndGlobalSection
	GlobalSection(ExtensibilityGlobals) = postSolution
		SolutionGuid = {5429E560-65D6-4980-B240-8F74F986D10E}
	EndGlobalSection
EndGlobal
